{
  "pins" : [
    {
      "identity" : "onesignal-xcframework",
      "kind" : "remoteSourceControl",
      "location" : "https://github.com/OneSignal/OneSignal-XCFramework",
      "state" : {
        "revision" : "c57e23b501cee0a988342a384a4c3ed0dc75ff56",
        "version" : "5.7.0"
      }
    }
  ],
  "version" : 2
}
